
Microsoft Visual Studio Solution File, Format Version 12.00
# Visual Studio Version 17
VisualStudioVersion = 17.5.33502.453
MinimumVisualStudioVersion = 10.0.40219.1
Project("{9A19103F-16F7-4668-BE54-9A1E7A4F7556}") = "Calculator", "Calculator.csproj", "{3ED3CF21-6534-419B-A8C6-20E2BF724AB1}"
EndProject
Project("{2150E333-8FDC-42A3-9474-1A3956D46DE8}") = "Solution Items", "Solution Items", "{E387CBB5-6CCF-49D8-8F94-A0FCFF79E486}"
	ProjectSection(SolutionItems) = preProject
		.editorconfig = .editorconfig
	EndProjectSection
EndProject
Project("{FAE04EC0-301F-11D3-BF4B-00C04F79EFBC}") = "CalculatorTests", "..\CalculatorTests\CalculatorTests.csproj", "{C4303451-A16D-404A-9B29-FD39F82DA39B}"
EndProject
Global
	GlobalSection(SolutionConfigurationPlatforms) = preSolution
		Debug|Any CPU = Debug|Any CPU
		Release|Any CPU = Release|Any CPU
	EndGlobalSection
	GlobalSection(ProjectConfigurationPlatforms) = postSolution
		{3ED3CF21-6534-419B-A8C6-20E2BF724AB1}.Debug|Any CPU.ActiveCfg = Debug|Any CPU
		{3ED3CF21-6534-419B-A8C6-20E2BF724AB1}.Debug|Any CPU.Build.0 = Debug|Any CPU
		{3ED3CF21-6534-419B-A8C6-20E2BF724AB1}.Release|Any CPU.ActiveCfg = Release|Any CPU
		{3ED3CF21-6534-419B-A8C6-20E2BF724AB1}.Release|Any CPU.Build.0 = Release|Any CPU
		{C4303451-A16D-404A-9B29-FD39F82DA39B}.Debug|Any CPU.ActiveCfg = Debug|Any CPU
		{C4303451-A16D-404A-9B29-FD39F82DA39B}.Debug|Any CPU.Build.0 = Debug|Any CPU
		{C4303451-A16D-404A-9B29-FD39F82DA39B}.Release|Any CPU.ActiveCfg = Release|Any CPU
		{C4303451-A16D-404A-9B29-FD39F82DA39B}.Release|Any CPU.Build.0 = Release|Any CPU
	EndGlobalSection
	GlobalSection(SolutionProperties) = preSolution
		HideSolutionNode = FALSE
	EndGlobalSection
	GlobalSection(ExtensibilityGlobals) = postSolution
		SolutionGuid = {65892C73-8239-41FE-8F24-FF5905AE7A5E}
	EndGlobalSection
EndGlobal
